{
  "name": "@aastrika_npmjs/comptency",
  "version": "2.1.2",
  "lockfileVersion": 3,
  "requires": true,
  "packages": {
    "": {
      "name": "@aastrika_npmjs/comptency",
      "version": "2.1.2",
      "devDependencies": {
        "@types/lodash-es": "^4.17.12"
      },
      "peerDependencies": {
        "@angular/common": "^21.2.8",
        "@angular/core": "^21.2.8",
        "@ngx-translate/core": "^17.0.0"
      }
    },
    "node_modules/@angular/common": {
      "version": "21.2.22",
      "resolved": "https://registry.npmjs.org/@angular/common/-/common-21.2.22.tgz",
      "integrity": "sha512-VWvtZL4xfYmXC56q/1BmtW0San8POAuHOADePJV1Hrjt430QTW5xaXuONZA7ujMs/B3u3PBZEWueKl2JH4LznQ==",
      "license": "MIT",
      "peer": true,
      "dependencies": {
        "tslib": "^2.3.0"
      },
      "engines": {
        "node": "^20.19.0 || ^22.12.0 || >=24.0.0"
      },
      "peerDependencies": {
        "@angular/core": "21.2.22",
        "rxjs": "^6.5.3 || ^7.4.0"
      }
    },
    "node_modules/@angular/core": {
      "version": "21.2.22",
      "resolved": "https://registry.npmjs.org/@angular/core/-/core-21.2.22.tgz",
      "integrity": "sha512-2pqDzm3T7/h7QF8XfDziVieEOZqNBM95qNgStM8vmJpFzhJEyLtD89xMQ0e365XcgaTOBEaMCWPswq6OuCIEUQ==",
      "license": "MIT",
      "peer": true,
      "dependencies": {
        "tslib": "^2.3.0"
      },
      "engines": {
        "node": "^20.19.0 || ^22.12.0 || >=24.0.0"
      },
      "peerDependencies": {
        "@angular/compiler": "21.2.22",
        "rxjs": "^6.5.3 || ^7.4.0",
        "zone.js": "~0.15.0 || ~0.16.0"
      },
      "peerDependenciesMeta": {
        "@angular/compiler": {
          "optional": true
        },
        "zone.js": {
          "optional": true
        }
      }
    },
    "node_modules/@ngx-translate/core": {
      "version": "17.0.0",
      "resolved": "https://registry.npmjs.org/@ngx-translate/core/-/core-17.0.0.tgz",
      "integrity": "sha512-Rft2D5ns2pq4orLZjEtx1uhNuEBerUdpFUG1IcqtGuipj6SavgB8SkxtNQALNDA+EVlvsNCCjC2ewZVtUeN6rg==",
      "license": "MIT",
      "peer": true,
      "dependencies": {
        "tslib": "^2.3.0"
      },
      "peerDependencies": {
        "@angular/common": ">=16",
        "@angular/core": ">=16"
      }
    },
    "node_modules/@types/lodash": {
      "version": "4.17.25",
      "resolved": "https://registry.npmjs.org/@types/lodash/-/lodash-4.17.25.tgz",
      "integrity": "sha512-+K1NIO8I+F9/wNulfVvu23QYd0Pe9/OCqRrim4NoYIf1VoEDL90Ve4ClzpyqBLc7NpGGWRvYNCKZ1BE/Jpf8dQ==",
      "dev": true,
      "license": "MIT"
    },
    "node_modules/@types/lodash-es": {
      "version": "4.17.12",
      "resolved": "https://registry.npmjs.org/@types/lodash-es/-/lodash-es-4.17.12.tgz",
      "integrity": "sha512-0NgftHUcV4v34VhXm8QBSftKVXtbkBG3ViCjs6+eJ5a6y6Mi/jiFGPc1sC7QK+9BFhWrURE3EOggmWaSxL9OzQ==",
      "dev": true,
      "license": "MIT",
      "dependencies": {
        "@types/lodash": "*"
      }
    },
    "node_modules/rxjs": {
      "version": "7.8.2",
      "resolved": "https://registry.npmjs.org/rxjs/-/rxjs-7.8.2.tgz",
      "integrity": "sha512-dhKf903U/PQZY6boNNtAGdWbG85WAbjT/1xYoZIC7FAY0yWapOBQVsVrDl58W86//e1VpMNBtRV4MaXfdMySFA==",
      "license": "Apache-2.0",
      "peer": true,
      "dependencies": {
        "tslib": "^2.1.0"
      }
    },
    "node_modules/tslib": {
      "version": "2.8.1",
      "resolved": "https://registry.npmjs.org/tslib/-/tslib-2.8.1.tgz",
      "integrity": "sha512-oJFu94HQb+KVduSUQL7wnpmqnfmLsOA/nAh6b6EH0wCEoK0/mPeXU6c3wKDV83MkOuHPRHtSXKKU99IBazS/2w==",
      "license": "0BSD",
      "peer": true
    }
  }
}
